// !$*UTF8*$!
{
	archiveVersion = 1;
	classes = {
	};
	objectVersion = 56;
	objects = {

/* Begin PBXBuildFile section */
		AC93B1632ABB4D8900557411 /* BinaryToDecimal.swift in Sources */ = {isa = PBXBuildFile; fileRef = AC93B1622ABB4D8900557411 /* BinaryToDecimal.swift */; };
		ACC04D452AB8A52B00E4E339 /* Assets.xcassets in Resources */ = {isa = PBXBuildFile; fileRef = ACC04D442AB8A52B00E4E339 /* Assets.xcassets */; };
		ACC04D482AB8A52B00E4E339 /* Preview Assets.xcassets in Resources */ = {isa = PBXBuildFile; fileRef = ACC04D472AB8A52B00E4E339 /* Preview Assets.xcassets */; };
		ACC04D522AB8A52B00E4E339 /* ConverterTests.swift in Sources */ = {isa = PBXBuildFile; fileRef = ACC04D512AB8A52B00E4E339 /* ConverterTests.swift */; };
		ACC04D5C2AB8A52B00E4E339 /* ConverterUITests.swift in Sources */ = {isa = PBXBuildFile; fileRef = ACC04D5B2AB8A52B00E4E339 /* ConverterUITests.swift */; };
		ACC04D5E2AB8A52B00E4E339 /* ConverterUITestsLaunchTests.swift in Sources */ = {isa = PBXBuildFile; fileRef = ACC04D5D2AB8A52B00E4E339 /* ConverterUITestsLaunchTests.swift */; };
		ACC04D6B2AB8A55F00E4E339 /* Converter.swift in Sources */ = {isa = PBXBuildFile; fileRef = ACC04D6A2AB8A55F00E4E339 /* Converter.swift */; };
		ACC04D6D2AB8A57C00E4E339 /* DecimalToBinary.swift in Sources */ = {isa = PBXBuildFile; fileRef = ACC04D6C2AB8A57C00E4E339 /* DecimalToBinary.swift */; };
/* End PBXBuildFile section */

/* Begin PBXContainerItemProxy section */
		ACC04D4E2AB8A52B00E4E339 /* PBXContainerItemProxy */ = {
			isa = PBXContainerItemProxy;
			containerPortal = ACC04D352AB8A52A00E4E339 /* Project object */;
			proxyType = 1;
			remoteGlobalIDString = ACC04D3C2AB8A52A00E4E339;
			remoteInfo = Converter;
		};
		ACC04D582AB8A52B00E4E339 /* PBXContainerItemProxy */ = {
			isa = PBXContainerItemProxy;
			containerPortal = ACC04D352AB8A52A00E4E339 /* Project object */;
			proxyType = 1;
			remoteGlobalIDString = ACC04D3C2AB8A52A00E4E339;
			remoteInfo = Converter;
		};
/* End PBXContainerItemProxy section */

/* Begin PBXFileReference section */
		AC93B1622ABB4D8900557411 /* BinaryToDecimal.swift */ = {isa = PBXFileReference; fileEncoding = 4; lastKnownFileType = sourcecode.swift; path = BinaryToDecimal.swift; sourceTree = "<group>"; };
		ACC04D3D2AB8A52A00E4E339 /* Converter.app */ = {isa = PBXFileReference; explicitFileType = wrapper.application; includeInIndex = 0; path = Converter.app; sourceTree = BUILT_PRODUCTS_DIR; };
		ACC04D442AB8A52B00E4E339 /* Assets.xcassets */ = {isa = PBXFileReference; lastKnownFileType = folder.assetcatalog; path = Assets.xcassets; sourceTree = "<group>"; };
		ACC04D472AB8A52B00E4E339 /* Preview Assets.xcassets */ = {isa = PBXFileReference; lastKnownFileType = folder.assetcatalog; path = "Preview Assets.xcassets"; sourceTree = "<group>"; };
		ACC04D4D2AB8A52B00E4E339 /* ConverterTests.xctest */ = {isa = PBXFileReference; explicitFileType = wrapper.cfbundle; includeInIndex = 0; path = ConverterTests.xctest; sourceTree = BUILT_PRODUCTS_DIR; };
		ACC04D512AB8A52B00E4E339 /* ConverterTests.swift */ = {isa = PBXFileReference; lastKnownFileType = sourcecode.swift; path = ConverterTests.swift; sourceTree = "<group>"; };
		ACC04D572AB8A52B00E4E339 /* ConverterUITests.xctest */ = {isa = PBXFileReference; explicitFileType = wrapper.cfbundle; includeInIndex = 0; path = ConverterUITests.xctest; sourceTree = BUILT_PRODUCTS_DIR; };
		ACC04D5B2AB8A52B00E4E339 /* ConverterUITests.swift */ = {isa = PBXFileReference; lastKnownFileType = sourcecode.swift; path = ConverterUITests.swift; sourceTree = "<group>"; };
		ACC04D5D2AB8A52B00E4E339 /* ConverterUITestsLaunchTests.swift */ = {isa = PBXFileReference; lastKnownFileType = sourcecode.swift; path = ConverterUITestsLaunchTests.swift; sourceTree = "<group>"; };
		ACC04D6A2AB8A55F00E4E339 /* Converter.swift */ = {isa = PBXFileReference; lastKnownFileType = sourcecode.swift; path = Converter.swift; sourceTree = "<group>"; };
		ACC04D6C2AB8A57C00E4E339 /* DecimalToBinary.swift */ = {isa = PBXFileReference; lastKnownFileType = sourcecode.swift; path = DecimalToBinary.swift; sourceTree = "<group>"; };
/* End PBXFileReference section */

/* Begin PBXFrameworksBuildPhase section */
		ACC04D3A2AB8A52A00E4E339 /* Frameworks */ = {
			isa = PBXFrameworksBuildPhase;
			buildActionMask = 2147483647;
			files = (
			);
			runOnlyForDeploymentPostprocessing = 0;
		};
		ACC04D4A2AB8A52B00E4E339 /* Frameworks */ = {
			isa = PBXFrameworksBuildPhase;
			buildActionMask = 2147483647;
			files = (
			);
			runOnlyForDeploymentPostprocessing = 0;
		};
		ACC04D542AB8A52B00E4E339 /* Frameworks */ = {
			isa = PBXFrameworksBuildPhase;
			buildActionMask = 2147483647;
			files = (
			);
			runOnlyForDeploymentPostprocessing = 0;
		};
/* End PBXFrameworksBuildPhase section */

/* Begin PBXGroup section */
		ACC04D342AB8A52A00E4E339 = {
			isa = PBXGroup;
			children = (
				ACC04D3F2AB8A52A00E4E339 /* Converter */,
				ACC04D502AB8A52B00E4E339 /* ConverterTests */,
				ACC04D5A2AB8A52B00E4E339 /* ConverterUITests */,
				ACC04D3E2AB8A52A00E4E339 /* Products */,
			);
			sourceTree = "<group>";
		};
		ACC04D3E2AB8A52A00E4E339 /* Products */ = {
			isa = PBXGroup;
			children = (
				ACC04D3D2AB8A52A00E4E339 /* Converter.app */,
				ACC04D4D2AB8A52B00E4E339 /* ConverterTests.xctest */,
				ACC04D572AB8A52B00E4E339 /* ConverterUITests.xctest */,
			);
			name = Products;
			sourceTree = "<group>";
		};
		ACC04D3F2AB8A52A00E4E339 /* Converter */ = {
			isa = PBXGroup;
			children = (
				ACC04D442AB8A52B00E4E339 /* Assets.xcassets */,
				ACC04D462AB8A52B00E4E339 /* Preview Content */,
				ACC04D6A2AB8A55F00E4E339 /* Converter.swift */,
				ACC04D6C2AB8A57C00E4E339 /* DecimalToBinary.swift */,
				AC93B1622ABB4D8900557411 /* BinaryToDecimal.swift */,
			);
			path = Converter;
			sourceTree = "<group>";
		};
		ACC04D462AB8A52B00E4E339 /* Preview Content */ = {
			isa = PBXGroup;
			children = (
				ACC04D472AB8A52B00E4E339 /* Preview Assets.xcassets */,
			);
			path = "Preview Content";
			sourceTree = "<group>";
		};
		ACC04D502AB8A52B00E4E339 /* ConverterTests */ = {
			isa = PBXGroup;
			children = (
				ACC04D512AB8A52B00E4E339 /* ConverterTests.swift */,
			);
			path = ConverterTests;
			sourceTree = "<group>";
		};
		ACC04D5A2AB8A52B00E4E339 /* ConverterUITests */ = {
			isa = PBXGroup;
			children = (
				ACC04D5B2AB8A52B00E4E339 /* ConverterUITests.swift */,
				ACC04D5D2AB8A52B00E4E339 /* ConverterUITestsLaunchTests.swift */,
			);
			path = ConverterUITests;
			sourceTree = "<group>";
		};
/* End PBXGroup section */

/* Begin PBXNativeTarget section */
		ACC04D3C2AB8A52A00E4E339 /* Converter */ = {
			isa = PBXNativeTarget;
			buildConfigurationList = ACC04D612AB8A52B00E4E339 /* Build configuration list for PBXNativeTarget "Converter" */;
			buildPhases = (
				ACC04D392AB8A52A00E4E339 /* Sources */,
				ACC04D3A2AB8A52A00E4E339 /* Frameworks */,
				ACC04D3B2AB8A52A00E4E339 /* Resources */,
			);
			buildRules = (
			);
			dependencies = (
			);
			name = Converter;
			productName = Converter;
			productReference = ACC04D3D2AB8A52A00E4E339 /* Converter.app */;
			productType = "com.apple.product-type.application";
		};
		ACC04D4C2AB8A52B00E4E339 /* ConverterTests */ = {
			isa = PBXNativeTarget;
			buildConfigurationList = ACC04D642AB8A52B00E4E339 /* Build configuration list for PBXNativeTarget "ConverterTests" */;
			buildPhases = (
				ACC04D492AB8A52B00E4E339 /* Sources */,
				ACC04D4A2AB8A52B00E4E339 /* Frameworks */,
				ACC04D4B2AB8A52B00E4E339 /* Resources */,
			);
			buildRules = (
			);
			dependencies = (
				ACC04D4F2AB8A52B00E4E339 /* PBXTargetDependency */,
			);
			name = ConverterTests;
			productName = ConverterTests;
			productReference = ACC04D4D2AB8A52B00E4E339 /* ConverterTests.xctest */;
			productType = "com.apple.product-type.bundle.unit-test";
		};
		ACC04D562AB8A52B00E4E339 /* ConverterUITests */ = {
			isa = PBXNativeTarget;
			buildConfigurationList = ACC04D672AB8A52B00E4E339 /* Build configuration list for PBXNativeTarget "ConverterUITests" */;
			buildPhases = (
				ACC04D532AB8A52B00E4E339 /* Sources */,
				ACC04D542AB8A52B00E4E339 /* Frameworks */,
				ACC04D552AB8A52B00E4E339 /* Resources */,
			);
			buildRules = (
			);
			dependencies = (
				ACC04D592AB8A52B00E4E339 /* PBXTargetDependency */,
			);
			name = ConverterUITests;
			productName = ConverterUITests;
			productReference = ACC04D572AB8A52B00E4E339 /* ConverterUITests.xctest */;
			productType = "com.apple.product-type.bundle.ui-testing";
		};
/* End PBXNativeTarget section */

/* Begin PBXProject section */
		ACC04D352AB8A52A00E4E339 /* Project object */ = {
			isa = PBXProject;
			attributes = {
				BuildIndependentTargetsInParallel = 1;
				LastSwiftUpdateCheck = 1430;
				LastUpgradeCheck = 1430;
				TargetAttributes = {
					ACC04D3C2AB8A52A00E4E339 = {
						CreatedOnToolsVersion = 14.3.1;
						LastSwiftMigration = 1430;
					};
					ACC04D4C2AB8A52B00E4E339 = {
						CreatedOnToolsVersion = 14.3.1;
						TestTargetID = ACC04D3C2AB8A52A00E4E339;
					};
					ACC04D562AB8A52B00E4E339 = {
						CreatedOnToolsVersion = 14.3.1;
						TestTargetID = ACC04D3C2AB8A52A00E4E339;
					};
				};
			};
			buildConfigurationList = ACC04D382AB8A52A00E4E339 /* Build configuration list for PBXProject "Converter" */;
			compatibilityVersion = "Xcode 14.0";
			developmentRegion = en;
			hasScannedForEncodings = 0;
			knownRegions = (
				en,
				Base,
			);
			mainGroup = ACC04D342AB8A52A00E4E339;
			productRefGroup = ACC04D3E2AB8A52A00E4E339 /* Products */;
			projectDirPath = "";
			projectRoot = "";
			targets = (
				ACC04D3C2AB8A52A00E4E339 /* Converter */,
				ACC04D4C2AB8A52B00E4E339 /* ConverterTests */,
				ACC04D562AB8A52B00E4E339 /* ConverterUITests */,
			);
		};
/* End PBXProject section */

/* Begin PBXResourcesBuildPhase section */
		ACC04D3B2AB8A52A00E4E339 /* Resources */ = {
			isa = PBXResourcesBuildPhase;
			buildActionMask = 2147483647;
			files = (
				ACC04D482AB8A52B00E4E339 /* Preview Assets.xcassets in Resources */,
				ACC04D452AB8A52B00E4E339 /* Assets.xcassets in Resources */,
			);
			runOnlyForDeploymentPostprocessing = 0;
		};
		ACC04D4B2AB8A52B00E4E339 /* Resources */ = {
			isa = PBXResourcesBuildPhase;
			buildActionMask = 2147483647;
			files = (
			);
			runOnlyForDeploymentPostprocessing = 0;
		};
		ACC04D552AB8A52B00E4E339 /* Resources */ = {
			isa = PBXResourcesBuildPhase;
			buildActionMask = 2147483647;
			files = (
			);
			runOnlyForDeploymentPostprocessing = 0;
		};
/* End PBXResourcesBuildPhase section */

/* Begin PBXSourcesBuildPhase section */
		ACC04D392AB8A52A00E4E339 /* Sources */ = {
			isa = PBXSourcesBuildPhase;
			buildActionMask = 2147483647;
			files = (
				AC93B1632ABB4D8900557411 /* BinaryToDecimal.swift in Sources */,
				ACC04D6B2AB8A55F00E4E339 /* Converter.swift in Sources */,
				ACC04D6D2AB8A57C00E4E339 /* DecimalToBinary.swift in Sources */,
			);
			runOnlyForDeploymentPostprocessing = 0;
		};
		ACC04D492AB8A52B00E4E339 /* Sources */ = {
			isa = PBXSourcesBuildPhase;
			buildActionMask = 2147483647;
			files = (
				ACC04D522AB8A52B00E4E339 /* ConverterTests.swift in Sources */,
			);
			runOnlyForDeploymentPostprocessing = 0;
		};
		ACC04D532AB8A52B00E4E339 /* Sources */ = {
			isa = PBXSourcesBuildPhase;
			buildActionMask = 2147483647;
			files = (
				ACC04D5C2AB8A52B00E4E339 /* ConverterUITests.swift in Sources */,
				ACC04D5E2AB8A52B00E4E339 /* ConverterUITestsLaunchTests.swift in Sources */,
			);
			runOnlyForDeploymentPostprocessing = 0;
		};
/* End PBXSourcesBuildPhase section */

/* Begin PBXTargetDependency section */
		ACC04D4F2AB8A52B00E4E339 /* PBXTargetDependency */ = {
			isa = PBXTargetDependency;
			target = ACC04D3C2AB8A52A00E4E339 /* Converter */;
			targetProxy = ACC04D4E2AB8A52B00E4E339 /* PBXContainerItemProxy */;
		};
		ACC04D592AB8A52B00E4E339 /* PBXTargetDependency */ = {
			isa = PBXTargetDependency;
			target = ACC04D3C2AB8A52A00E4E339 /* Converter */;
			targetProxy = ACC04D582AB8A52B00E4E339 /* PBXContainerItemProxy */;
		};
/* End PBXTargetDependency section */

/* Begin XCBuildConfiguration section */
		ACC04D5F2AB8A52B00E4E339 /* Debug */ = {
			isa = XCBuildConfiguration;
			buildSettings = {
				ALWAYS_SEARCH_USER_PATHS = NO;
				CLANG_ANALYZER_NONNULL = YES;
				CLANG_ANALYZER_NUMBER_OBJECT_CONVERSION = YES_AGGRESSIVE;
				CLANG_CXX_LANGUAGE_STANDARD = "gnu++20";
				CLANG_ENABLE_MODULES = YES;
				CLANG_ENABLE_OBJC_ARC = YES;
				CLANG_ENABLE_OBJC_WEAK = YES;
				CLANG_WARN_BLOCK_CAPTURE_AUTORELEASING = YES;
				CLANG_WARN_BOOL_CONVERSION = YES;
				CLANG_WARN_COMMA = YES;
				CLANG_WARN_CONSTANT_CONVERSION = YES;
				CLANG_WARN_DEPRECATED_OBJC_IMPLEMENTATIONS = YES;
				CLANG_WARN_DIRECT_OBJC_ISA_USAGE = YES_ERROR;
				CLANG_WARN_DOCUMENTATION_COMMENTS = YES;
				CLANG_WARN_EMPTY_BODY = YES;
				CLANG_WARN_ENUM_CONVERSION = YES;
				CLANG_WARN_INFINITE_RECURSION = YES;
				CLANG_WARN_INT_CONVERSION = YES;
				CLANG_WARN_NON_LITERAL_NULL_CONVERSION = YES;
				CLANG_WARN_OBJC_IMPLICIT_RETAIN_SELF = YES;
				CLANG_WARN_OBJC_LITERAL_CONVERSION = YES;
				CLANG_WARN_OBJC_ROOT_CLASS = YES_ERROR;
				CLANG_WARN_QUOTED_INCLUDE_IN_FRAMEWORK_HEADER = YES;
				CLANG_WARN_RANGE_LOOP_ANALYSIS = YES;
				CLANG_WARN_STRICT_PROTOTYPES = YES;
				CLANG_WARN_SUSPICIOUS_MOVE = YES;
				CLANG_WARN_UNGUARDED_AVAILABILITY = YES_AGGRESSIVE;
				CLANG_WARN_UNREACHABLE_CODE = YES;
				CLANG_WARN__DUPLICATE_METHOD_MATCH = YES;
				COPY_PHASE_STRIP = NO;
				DEBUG_INFORMATION_FORMAT = dwarf;
				ENABLE_STRICT_OBJC_MSGSEND = YES;
				ENABLE_TESTABILITY = YES;
				GCC_C_LANGUAGE_STANDARD = gnu11;
				GCC_DYNAMIC_NO_PIC = NO;
				GCC_NO_COMMON_BLOCKS = YES;
				GCC_OPTIMIZATION_LEVEL = 0;
				GCC_PREPROCESSOR_DEFINITIONS = (
					"DEBUG=1",
					"$(inherited)",
				);
				GCC_WARN_64_TO_32_BIT_CONVERSION = YES;
				GCC_WARN_ABOUT_RETURN_TYPE = YES_ERROR;
				GCC_WARN_UNDECLARED_SELECTOR = YES;
				GCC_WARN_UNINITIALIZED_AUTOS = YES_AGGRESSIVE;
				GCC_WARN_UNUSED_FUNCTION = YES;
				GCC_WARN_UNUSED_VARIABLE = YES;
				IPHONEOS_DEPLOYMENT_TARGET = 16.4;
				MTL_ENABLE_DEBUG_INFO = INCLUDE_SOURCE;
				MTL_FAST_MATH = YES;
				ONLY_ACTIVE_ARCH = YES;
				SDKROOT = iphoneos;
				SWIFT_ACTIVE_COMPILATION_CONDITIONS = DEBUG;
				SWIFT_OPTIMIZATION_LEVEL = "-Onone";
			};
			name = Debug;
		};
		ACC04D602AB8A52B00E4E339 /* Release */ = {
			isa = XCBuildConfiguration;
			buildSettings = {
				ALWAYS_SEARCH_USER_PATHS = NO;
				CLANG_ANALYZER_NONNULL = YES;
				CLANG_ANALYZER_NUMBER_OBJECT_CONVERSION = YES_AGGRESSIVE;
				CLANG_CXX_LANGUAGE_STANDARD = "gnu++20";
				CLANG_ENABLE_MODULES = YES;
				CLANG_ENABLE_OBJC_ARC = YES;
				CLANG_ENABLE_OBJC_WEAK = YES;
				CLANG_WARN_BLOCK_CAPTURE_AUTORELEASING = YES;
				CLANG_WARN_BOOL_CONVERSION = YES;
				CLANG_WARN_COMMA = YES;
				CLANG_WARN_CONSTANT_CONVERSION = YES;
				CLANG_WARN_DEPRECATED_OBJC_IMPLEMENTATIONS = YES;
				CLANG_WARN_DIRECT_OBJC_ISA_USAGE = YES_ERROR;
				CLANG_WARN_DOCUMENTATION_COMMENTS = YES;
				CLANG_WARN_EMPTY_BODY = YES;
				CLANG_WARN_ENUM_CONVERSION = YES;
				CLANG_WARN_INFINITE_RECURSION = YES;
				CLANG_WARN_INT_CONVERSION = YES;
				CLANG_WARN_NON_LITERAL_NULL_CONVERSION = YES;
				CLANG_WARN_OBJC_IMPLICIT_RETAIN_SELF = YES;
				CLANG_WARN_OBJC_LITERAL_CONVERSION = YES;
				CLANG_WARN_OBJC_ROOT_CLASS = YES_ERROR;
				CLANG_WARN_QUOTED_INCLUDE_IN_FRAMEWORK_HEADER = YES;
				CLANG_WARN_RANGE_LOOP_ANALYSIS = YES;
				CLANG_WARN_STRICT_PROTOTYPES = YES;
				CLANG_WARN_SUSPICIOUS_MOVE = YES;
				CLANG_WARN_UNGUARDED_AVAILABILITY = YES_AGGRESSIVE;
				CLANG_WARN_UNREACHABLE_CODE = YES;
				CLANG_WARN__DUPLICATE_METHOD_MATCH = YES;
				COPY_PHASE_STRIP = NO;
				DEBUG_INFORMATION_FORMAT = "dwarf-with-dsym";
				ENABLE_NS_ASSERTIONS = NO;
				ENABLE_STRICT_OBJC_MSGSEND = YES;
				GCC_C_LANGUAGE_STANDARD = gnu11;
				GCC_NO_COMMON_BLOCKS = YES;
				GCC_WARN_64_TO_32_BIT_CONVERSION = YES;
				GCC_WARN_ABOUT_RETURN_TYPE = YES_ERROR;
				GCC_WARN_UNDECLARED_SELECTOR = YES;
				GCC_WARN_UNINITIALIZED_AUTOS = YES_AGGRESSIVE;
				GCC_WARN_UNUSED_FUNCTION = YES;
				GCC_WARN_UNUSED_VARIABLE = YES;
				IPHONEOS_DEPLOYMENT_TARGET = 16.4;
				MTL_ENABLE_DEBUG_INFO = NO;
				MTL_FAST_MATH = YES;
				SDKROOT = iphoneos;
				SWIFT_COMPILATION_MODE = wholemodule;
				SWIFT_OPTIMIZATION_LEVEL = "-O";
				VALIDATE_PRODUCT = YES;
			};
			name = Release;
		};
		ACC04D622AB8A52B00E4E339 /* Debug */ = {
			isa = XCBuildConfiguration;
			buildSettings = {
				ASSETCATALOG_COMPILER_APPICON_NAME = AppIcon;
				ASSETCATALOG_COMPILER_GLOBAL_ACCENT_COLOR_NAME = AccentColor;
				CLANG_ENABLE_MODULES = YES;
				CODE_SIGN_STYLE = Automatic;
				CURRENT_PROJECT_VERSION = 1;
				DEVELOPMENT_ASSET_PATHS = "\"Converter/Preview Content\"";
				ENABLE_PREVIEWS = YES;
				GENERATE_INFOPLIST_FILE = YES;
				INFOPLIST_KEY_UIApplicationSceneManifest_Generation = YES;
				INFOPLIST_KEY_UIApplicationSupportsIndirectInputEvents = YES;
				INFOPLIST_KEY_UILaunchScreen_Generation = YES;
				INFOPLIST_KEY_UISupportedInterfaceOrientations_iPad = "UIInterfaceOrientationPortrait UIInterfaceOrientationPortraitUpsideDown UIInterfaceOrientationLandscapeLeft UIInterfaceOrientationLandscapeRight";
				INFOPLIST_KEY_UISupportedInterfaceOrientations_iPhone = "UIInterfaceOrientationPortrait UIInterfaceOrientationLandscapeLeft UIInterfaceOrientationLandscapeRight";
				LD_RUNPATH_SEARCH_PATHS = (
					"$(inherited)",
					"@executable_path/Frameworks",
				);
				MARKETING_VERSION = 1.0;
				PRODUCT_BUNDLE_IDENTIFIER = com.phs.Converter;
				PRODUCT_NAME = "$(TARGET_NAME)";
				SWIFT_EMIT_LOC_STRINGS = YES;
				SWIFT_OPTIMIZATION_LEVEL = "-Onone";
				SWIFT_VERSION = 5.0;
				TARGETED_DEVICE_FAMILY = "1,2";
			};
			name = Debug;
		};
		ACC04D632AB8A52B00E4E339 /* Release */ = {
			isa = XCBuildConfiguration;
			buildSettings = {
				ASSETCATALOG_COMPILER_APPICON_NAME = AppIcon;
				ASSETCATALOG_COMPILER_GLOBAL_ACCENT_COLOR_NAME = AccentColor;
				CLANG_ENABLE_MODULES = YES;
				CODE_SIGN_STYLE = Automatic;
				CURRENT_PROJECT_VERSION = 1;
				DEVELOPMENT_ASSET_PATHS = "\"Converter/Preview Content\"";
				ENABLE_PREVIEWS = YES;
				GENERATE_INFOPLIST_FILE = YES;
				INFOPLIST_KEY_UIApplicationSceneManifest_Generation = YES;
				INFOPLIST_KEY_UIApplicationSupportsIndirectInputEvents = YES;
				INFOPLIST_KEY_UILaunchScreen_Generation = YES;
				INFOPLIST_KEY_UISupportedInterfaceOrientations_iPad = "UIInterfaceOrientationPortrait UIInterfaceOrientationPortraitUpsideDown UIInterfaceOrientationLandscapeLeft UIInterfaceOrientationLandscapeRight";
				INFOPLIST_KEY_UISupportedInterfaceOrientations_iPhone = "UIInterfaceOrientationPortrait UIInterfaceOrientationLandscapeLeft UIInterfaceOrientationLandscapeRight";
				LD_RUNPATH_SEARCH_PATHS = (
					"$(inherited)",
					"@executable_path/Frameworks",
				);
				MARKETING_VERSION = 1.0;
				PRODUCT_BUNDLE_IDENTIFIER = com.phs.Converter;
				PRODUCT_NAME = "$(TARGET_NAME)";
				SWIFT_EMIT_LOC_STRINGS = YES;
				SWIFT_VERSION = 5.0;
				TARGETED_DEVICE_FAMILY = "1,2";
			};
			name = Release;
		};
		ACC04D652AB8A52B00E4E339 /* Debug */ = {
			isa = XCBuildConfiguration;
			buildSettings = {
				ALWAYS_EMBED_SWIFT_STANDARD_LIBRARIES = YES;
				BUNDLE_LOADER = "$(TEST_HOST)";
				CODE_SIGN_STYLE = Automatic;
				CURRENT_PROJECT_VERSION = 1;
				GENERATE_INFOPLIST_FILE = YES;
				IPHONEOS_DEPLOYMENT_TARGET = 16.4;
				MARKETING_VERSION = 1.0;
				PRODUCT_BUNDLE_IDENTIFIER = com.phs.ConverterTests;
				PRODUCT_NAME = "$(TARGET_NAME)";
				SWIFT_EMIT_LOC_STRINGS = NO;
				SWIFT_VERSION = 5.0;
				TARGETED_DEVICE_FAMILY = "1,2";
				TEST_HOST = "$(BUILT_PRODUCTS_DIR)/Converter.app/$(BUNDLE_EXECUTABLE_FOLDER_PATH)/Converter";
			};
			name = Debug;
		};
		ACC04D662AB8A52B00E4E339 /* Release */ = {
			isa = XCBuildConfiguration;
			buildSettings = {
				ALWAYS_EMBED_SWIFT_STANDARD_LIBRARIES = YES;
				BUNDLE_LOADER = "$(TEST_HOST)";
				CODE_SIGN_STYLE = Automatic;
				CURRENT_PROJECT_VERSION = 1;
				GENERATE_INFOPLIST_FILE = YES;
				IPHONEOS_DEPLOYMENT_TARGET = 16.4;
				MARKETING_VERSION = 1.0;
				PRODUCT_BUNDLE_IDENTIFIER = com.phs.ConverterTests;
				PRODUCT_NAME = "$(TARGET_NAME)";
				SWIFT_EMIT_LOC_STRINGS = NO;
				SWIFT_VERSION = 5.0;
				TARGETED_DEVICE_FAMILY = "1,2";
				TEST_HOST = "$(BUILT_PRODUCTS_DIR)/Converter.app/$(BUNDLE_EXECUTABLE_FOLDER_PATH)/Converter";
			};
			name = Release;
		};
		ACC04D682AB8A52B00E4E339 /* Debug */ = {
			isa = XCBuildConfiguration;
			buildSettings = {
				ALWAYS_EMBED_SWIFT_STANDARD_LIBRARIES = YES;
				CODE_SIGN_STYLE = Automatic;
				CURRENT_PROJECT_VERSION = 1;
				GENERATE_INFOPLIST_FILE = YES;
				MARKETING_VERSION = 1.0;
				PRODUCT_BUNDLE_IDENTIFIER = com.phs.ConverterUITests;
				PRODUCT_NAME = "$(TARGET_NAME)";
				SWIFT_EMIT_LOC_STRINGS = NO;
				SWIFT_VERSION = 5.0;
				TARGETED_DEVICE_FAMILY = "1,2";
				TEST_TARGET_NAME = Converter;
			};
			name = Debug;
		};
		ACC04D692AB8A52B00E4E339 /* Release */ = {
			isa = XCBuildConfiguration;
			buildSettings = {
				ALWAYS_EMBED_SWIFT_STANDARD_LIBRARIES = YES;
				CODE_SIGN_STYLE = Automatic;
				CURRENT_PROJECT_VERSION = 1;
				GENERATE_INFOPLIST_FILE = YES;
				MARKETING_VERSION = 1.0;
				PRODUCT_BUNDLE_IDENTIFIER = com.phs.ConverterUITests;
				PRODUCT_NAME = "$(TARGET_NAME)";
				SWIFT_EMIT_LOC_STRINGS = NO;
				SWIFT_VERSION = 5.0;
				TARGETED_DEVICE_FAMILY = "1,2";
				TEST_TARGET_NAME = Converter;
			};
			name = Release;
		};
/* End XCBuildConfiguration section */

/* Begin XCConfigurationList section */
		ACC04D382AB8A52A00E4E339 /* Build configuration list for PBXProject "Converter" */ = {
			isa = XCConfigurationList;
			buildConfigurations = (
				ACC04D5F2AB8A52B00E4E339 /* Debug */,
				ACC04D602AB8A52B00E4E339 /* Release */,
			);
			defaultConfigurationIsVisible = 0;
			defaultConfigurationName = Release;
		};
		ACC04D612AB8A52B00E4E339 /* Build configuration list for PBXNativeTarget "Converter" */ = {
			isa = XCConfigurationList;
			buildConfigurations = (
				ACC04D622AB8A52B00E4E339 /* Debug */,
				ACC04D632AB8A52B00E4E339 /* Release */,
			);
			defaultConfigurationIsVisible = 0;
			defaultConfigurationName = Release;
		};
		ACC04D642AB8A52B00E4E339 /* Build configuration list for PBXNativeTarget "ConverterTests" */ = {
			isa = XCConfigurationList;
			buildConfigurations = (
				ACC04D652AB8A52B00E4E339 /* Debug */,
				ACC04D662AB8A52B00E4E339 /* Release */,
			);
			defaultConfigurationIsVisible = 0;
			defaultConfigurationName = Release;
		};
		ACC04D672AB8A52B00E4E339 /* Build configuration list for PBXNativeTarget "ConverterUITests" */ = {
			isa = XCConfigurationList;
			buildConfigurations = (
				ACC04D682AB8A52B00E4E339 /* Debug */,
				ACC04D692AB8A52B00E4E339 /* Release */,
			);
			defaultConfigurationIsVisible = 0;
			defaultConfigurationName = Release;
		};
/* End XCConfigurationList section */
	};
	rootObject = ACC04D352AB8A52A00E4E339 /* Project object */;
}
